
Microsoft Visual Studio Solution File, Format Version 12.00
# Visual Studio Version 17
VisualStudioVersion = 17.4.33205.214
MinimumVisualStudioVersion = 10.0.40219.1
Project("{FAE04EC0-301F-11D3-BF4B-00C04F79EFBC}") = "AspDotNetLab1", "AspDotNetLab1\AspDotNetLab1.csproj", "{2DA3169B-9B40-4AE3-BB07-D13B6E5AB374}"
EndProject
Global
	GlobalSection(SolutionConfigurationPlatforms) = preSolution
		Debug|Any CPU = Debug|Any CPU
		Release|Any CPU = Release|Any CPU
	EndGlobalSection
	GlobalSection(ProjectConfigurationPlatforms) = postSolution
		{2DA3169B-9B40-4AE3-BB07-D13B6E5AB374}.Debug|Any CPU.ActiveCfg = Debug|Any CPU
		{2DA3169B-9B40-4AE3-BB07-D13B6E5AB374}.Debug|Any CPU.Build.0 = Debug|Any CPU
		{2DA3169B-9B40-4AE3-BB07-D13B6E5AB374}.Release|Any CPU.ActiveCfg = Release|Any CPU
		{2DA3169B-9B40-4AE3-BB07-D13B6E5AB374}.Release|Any CPU.Build.0 = Release|Any CPU
	EndGlobalSection
	GlobalSection(SolutionProperties) = preSolution
		HideSolutionNode = FALSE
	EndGlobalSection
	GlobalSection(ExtensibilityGlobals) = postSolution
		SolutionGuid = {10F1992D-1FB4-4787-9619-8DF6597D4F2A}
	EndGlobalSection
EndGlobal
